
Microsoft Visual Studio Solution File, Format Version 12.00
# Visual Studio Version 16
VisualStudioVersion = 16.0.30523.141
MinimumVisualStudioVersion = 10.0.40219.1
Project("{9A19103F-16F7-4668-BE54-9A1E7A4F7556}") = "SqreenDispatcher", "SqreenDispatcher\SqreenDispatcher.csproj", "{18E58024-7826-45BE-A34C-FD562830AA26}"
EndProject
Project("{9A19103F-16F7-4668-BE54-9A1E7A4F7556}") = "SqreenDispatcher.Services", "SqreenDispatcher.Services\SqreenDispatcher.Services.csproj", "{36B65252-FAE8-4AAA-B487-AB7CEF17710B}"
EndProject
Project("{9A19103F-16F7-4668-BE54-9A1E7A4F7556}") = "SqreenDispatcher.Tests", "SqreenDispatcher.Tests\SqreenDispatcher.Tests.csproj", "{B2960FB2-86D0-48E9-9BF3-4A8F899AE0E7}"
EndProject
Project("{9A19103F-16F7-4668-BE54-9A1E7A4F7556}") = "SqreenDispatcher.IntegrationTests", "SqreenDispatcher.IntegrationTests\SqreenDispatcher.IntegrationTests.csproj", "{54017963-76AA-4451-83DD-D77E99775218}"
EndProject
Project("{2150E333-8FDC-42A3-9474-1A3956D46DE8}") = "Solution Items", "Solution Items", "{BC3B18E2-0C10-4200-9047-7B29CE336F98}"
	ProjectSection(SolutionItems) = preProject
		.gitignore = .gitignore
		README.md = README.md
	EndProjectSection
EndProject
Global
	GlobalSection(SolutionConfigurationPlatforms) = preSolution
		Debug|Any CPU = Debug|Any CPU
		Release|Any CPU = Release|Any CPU
	EndGlobalSection
	GlobalSection(ProjectConfigurationPlatforms) = postSolution
		{18E58024-7826-45BE-A34C-FD562830AA26}.Debug|Any CPU.ActiveCfg = Debug|Any CPU
		{18E58024-7826-45BE-A34C-FD562830AA26}.Debug|Any CPU.Build.0 = Debug|Any CPU
		{18E58024-7826-45BE-A34C-FD562830AA26}.Release|Any CPU.ActiveCfg = Release|Any CPU
		{18E58024-7826-45BE-A34C-FD562830AA26}.Release|Any CPU.Build.0 = Release|Any CPU
		{36B65252-FAE8-4AAA-B487-AB7CEF17710B}.Debug|Any CPU.ActiveCfg = Debug|Any CPU
		{36B65252-FAE8-4AAA-B487-AB7CEF17710B}.Debug|Any CPU.Build.0 = Debug|Any CPU
		{36B65252-FAE8-4AAA-B487-AB7CEF17710B}.Release|Any CPU.ActiveCfg = Release|Any CPU
		{36B65252-FAE8-4AAA-B487-AB7CEF17710B}.Release|Any CPU.Build.0 = Release|Any CPU
		{B2960FB2-86D0-48E9-9BF3-4A8F899AE0E7}.Debug|Any CPU.ActiveCfg = Debug|Any CPU
		{B2960FB2-86D0-48E9-9BF3-4A8F899AE0E7}.Debug|Any CPU.Build.0 = Debug|Any CPU
		{B2960FB2-86D0-48E9-9BF3-4A8F899AE0E7}.Release|Any CPU.ActiveCfg = Release|Any CPU
		{B2960FB2-86D0-48E9-9BF3-4A8F899AE0E7}.Release|Any CPU.Build.0 = Release|Any CPU
		{54017963-76AA-4451-83DD-D77E99775218}.Debug|Any CPU.ActiveCfg = Debug|Any CPU
		{54017963-76AA-4451-83DD-D77E99775218}.Debug|Any CPU.Build.0 = Debug|Any CPU
		{54017963-76AA-4451-83DD-D77E99775218}.Release|Any CPU.ActiveCfg = Release|Any CPU
		{54017963-76AA-4451-83DD-D77E99775218}.Release|Any CPU.Build.0 = Release|Any CPU
	EndGlobalSection
	GlobalSection(SolutionProperties) = preSolution
		HideSolutionNode = FALSE
	EndGlobalSection
	GlobalSection(ExtensibilityGlobals) = postSolution
		SolutionGuid = {35F188BF-C2E4-4CD5-8F26-A07F82782D39}
	EndGlobalSection
EndGlobal
